# @generated - this file is auto-generated by `mise lock` https://mise.jdx.dev/dev-tools/mise-lock.html

[[tools.act]]
version = "0.2.87"
backend = "aqua:nektos/act"

[tools.act."platforms.linux-arm64"]
checksum = "sha256:c17a9fe2428a4824f61248ceb8e93db8de95d9163b0f2651ec5ccea0e6f4edc8"
url = "https://github.com/nektos/act/releases/download/v0.2.87/act_Linux_arm64.tar.gz"

[tools.act."platforms.linux-x64"]
checksum = "sha256:9bbfca7d779f71746233ec65e47fdcb12c4c976c1c97ec085956976fcabee866"
url = "https://github.com/nektos/act/releases/download/v0.2.87/act_Linux_x86_64.tar.gz"

[tools.act."platforms.macos-arm64"]
checksum = "sha256:dab0091c6f8229f955b83e3822aa24375f7a2852279d5a262446361cc3559d88"
url = "https://github.com/nektos/act/releases/download/v0.2.87/act_Darwin_arm64.tar.gz"

[tools.act."platforms.macos-x64"]
checksum = "sha256:41077f98142b02e0bb45b181f57a068f6af86ce887d578a4da1a901b1d8f240a"
url = "https://github.com/nektos/act/releases/download/v0.2.87/act_Darwin_x86_64.tar.gz"

[[tools."cargo:cargo-audit"]]
version = "0.22.1"
backend = "cargo:cargo-audit"

[[tools."cargo:cargo-cyclonedx"]]
version = "0.5.9"
backend = "cargo:cargo-cyclonedx"

[[tools."cargo:cargo-llvm-cov"]]
version = "0.8.5"
backend = "cargo:cargo-llvm-cov"

[[tools."cargo:release-plz"]]
version = "0.3.157"
backend = "cargo:release-plz"

[[tools.envsubst]]
version = "1.4.3"
backend = "aqua:a8m/envsubst"

[tools.envsubst."platforms.linux-arm64"]
checksum = "md5:6d4a9e5ea75525bff5cfc44c65030c95"
url = "https://github.com/a8m/envsubst/releases/download/v1.4.3/envsubst-Linux-arm64"

[tools.envsubst."platforms.linux-x64"]
checksum = "md5:f16bdc6948726c00d3d96908221464e1"
url = "https://github.com/a8m/envsubst/releases/download/v1.4.3/envsubst-Linux-x86_64"

[tools.envsubst."platforms.macos-arm64"]
checksum = "md5:d0060b1585156176354f96cd570a4cc1"
url = "https://github.com/a8m/envsubst/releases/download/v1.4.3/envsubst-Darwin-arm64"

[tools.envsubst."platforms.macos-x64"]
checksum = "md5:f0c1f592bff9f2842b4bcf4d6e7aac10"
url = "https://github.com/a8m/envsubst/releases/download/v1.4.3/envsubst-Darwin-x86_64"

[[tools.gh]]
version = "2.89.0"
backend = "aqua:cli/cli"

[tools.gh."platforms.linux-arm64"]
checksum = "sha256:9e64a623dfc242990aa5d9b3f507111149c4282f66b68eaad1dc79eeb13b9ce5"
url = "https://github.com/cli/cli/releases/download/v2.89.0/gh_2.89.0_linux_arm64.tar.gz"
provenance = "github-attestations"

[tools.gh."platforms.linux-x64"]
checksum = "sha256:d0422caade520530e76c1c558da47daebaa8e1203d6b7ff10ad7d6faba3490d8"
url = "https://github.com/cli/cli/releases/download/v2.89.0/gh_2.89.0_linux_amd64.tar.gz"
provenance = "github-attestations"

[tools.gh."platforms.macos-arm64"]
checksum = "sha256:2423d02ec0a2094898c378703a1b28a5846c08700f87461363857cb8cb3fda94"
url = "https://github.com/cli/cli/releases/download/v2.89.0/gh_2.89.0_macOS_arm64.zip"
provenance = "github-attestations"

[tools.gh."platforms.macos-x64"]
checksum = "sha256:862e21cac6a71f81e7cd6e5127e3cd344f8537441ad2db94cd208319dd17b6e9"
url = "https://github.com/cli/cli/releases/download/v2.89.0/gh_2.89.0_macOS_amd64.zip"
provenance = "github-attestations"

[[tools.git-cliff]]
version = "2.12.0"
backend = "aqua:orhun/git-cliff"

[tools.git-cliff."platforms.linux-arm64"]
checksum = "sha256:a2d262b389aed349e0564aaaa38a44015c98a951048923b086d6cf732f6dbbaf"
url = "https://github.com/orhun/git-cliff/releases/download/v2.12.0/git-cliff-2.12.0-aarch64-unknown-linux-musl.tar.gz"

[tools.git-cliff."platforms.linux-x64"]
checksum = "sha256:c89a7bc55f3c51f391938aa3fa560125109695c1930d927879daea68dd786420"
url = "https://github.com/orhun/git-cliff/releases/download/v2.12.0/git-cliff-2.12.0-x86_64-unknown-linux-musl.tar.gz"

[tools.git-cliff."platforms.macos-arm64"]
checksum = "sha256:2ae72a0061bee98d0e375f2ea8e0f4b23b4915ac2e37fa45a705066de49b43a0"
url = "https://github.com/orhun/git-cliff/releases/download/v2.12.0/git-cliff-2.12.0-aarch64-apple-darwin.tar.gz"

[tools.git-cliff."platforms.macos-x64"]
checksum = "sha256:fd4bce35ea8a6f3af6ac4891073781ca24c654c36c83c865bc30bab332c05a14"
url = "https://github.com/orhun/git-cliff/releases/download/v2.12.0/git-cliff-2.12.0-x86_64-apple-darwin.tar.gz"

[[tools.hk]]
version = "1.41.0"
backend = "aqua:jdx/hk"

[tools.hk."platforms.linux-arm64"]
checksum = "sha256:d67d3f870d37355fbb66011780113c70e9a70c505a4f0fe7d9b44639442b4fc7"
url = "https://github.com/jdx/hk/releases/download/v1.41.0/hk-aarch64-unknown-linux-gnu.tar.gz"

[tools.hk."platforms.linux-x64"]
checksum = "sha256:b49eebf571c3aa68bc02940114082b0bdf9e9828c8f224d478001fb7b865898b"
url = "https://github.com/jdx/hk/releases/download/v1.41.0/hk-x86_64-unknown-linux-gnu.tar.gz"

[tools.hk."platforms.macos-arm64"]
checksum = "sha256:25c9e973993c1607247e97ec558d747483ab4c48380485d69ea617161939544c"
url = "https://github.com/jdx/hk/releases/download/v1.41.0/hk-aarch64-apple-darwin.tar.gz"

[[tools.hyperfine]]
version = "1.20.0"
backend = "aqua:sharkdp/hyperfine"

[tools.hyperfine."platforms.linux-arm64"]
checksum = "sha256:90875cb1db7a1d797c311174d061728361e58fc70e3b62262a00635ac3b1997c"
url = "https://github.com/sharkdp/hyperfine/releases/download/v1.20.0/hyperfine-v1.20.0-aarch64-unknown-linux-gnu.tar.gz"

[tools.hyperfine."platforms.linux-x64"]
checksum = "sha256:3285ec7959285288137043dd81dce0dde056227018a8277532d9a364b4f03c2b"
url = "https://github.com/sharkdp/hyperfine/releases/download/v1.20.0/hyperfine-v1.20.0-x86_64-unknown-linux-musl.tar.gz"

[tools.hyperfine."platforms.macos-arm64"]
checksum = "sha256:f58d0b90993fadfa122a351428c469ce24afef3865f027f0e6e86f0830d088f1"
url = "https://github.com/sharkdp/hyperfine/releases/download/v1.20.0/hyperfine-v1.20.0-x86_64-apple-darwin.tar.gz"

[tools.hyperfine."platforms.macos-x64"]
checksum = "sha256:f58d0b90993fadfa122a351428c469ce24afef3865f027f0e6e86f0830d088f1"
url = "https://github.com/sharkdp/hyperfine/releases/download/v1.20.0/hyperfine-v1.20.0-x86_64-apple-darwin.tar.gz"

[[tools.pkl]]
version = "0.31.1"
backend = "aqua:apple/pkl"

[tools.pkl."platforms.linux-arm64"]
checksum = "sha256:7ef10e743daa921fb94ae7bdb9ec6986f362bf250c55814b9ea2aeb13f2d083e"
url = "https://github.com/apple/pkl/releases/download/0.31.1/pkl-linux-aarch64"

[tools.pkl."platforms.linux-x64"]
checksum = "sha256:618f13955d755cafbfe8c9cba1d27635848cd49dbc6abffd398d2751db1231bf"
url = "https://github.com/apple/pkl/releases/download/0.31.1/pkl-linux-amd64"

[tools.pkl."platforms.macos-arm64"]
checksum = "sha256:1b6a5438d9624cd2798a7530721bbbfa27ef72efe5c878a1b6c546c6e7ca0e8f"
url = "https://github.com/apple/pkl/releases/download/0.31.1/pkl-macos-aarch64"

[tools.pkl."platforms.macos-x64"]
checksum = "sha256:22123ed4ae4c03afa8c54c69f77f0bec39b0fa0f67b09d6d148e0a376a2a471d"
url = "https://github.com/apple/pkl/releases/download/0.31.1/pkl-macos-amd64"

[[tools.python]]
version = "3.14.0"
backend = "core:python"

[tools.python."platforms.linux-arm64"]
checksum = "sha256:7603b1905e5d280191b2146599474fe35da0833c81a09512c28b9b77e651812d"
url = "https://github.com/astral-sh/python-build-standalone/releases/download/20251120/cpython-3.14.0+20251120-aarch64-unknown-linux-gnu-install_only_stripped.tar.gz"
provenance = "github-attestations"

[tools.python."platforms.linux-x64"]
checksum = "sha256:66f385305ae0eefd6b65e2cf942bc91d943a61e26fb7581e029f760a2b04f393"
url = "https://github.com/astral-sh/python-build-standalone/releases/download/20251120/cpython-3.14.0+20251120-x86_64-unknown-linux-gnu-install_only_stripped.tar.gz"
provenance = "github-attestations"

[tools.python."platforms.macos-arm64"]
checksum = "sha256:5995f024e9c95ccbc87b9bb97152ad1ec9efcf9d76e0574cd37dd946afbea3c6"
url = "https://github.com/astral-sh/python-build-standalone/releases/download/20251120/cpython-3.14.0+20251120-aarch64-apple-darwin-install_only_stripped.tar.gz"
provenance = "github-attestations"

[tools.python."platforms.macos-x64"]
checksum = "sha256:eb0a5915f58c3dcb64d587e951f8942e6c9c6af63fab8bbb5596d1ce5738c2a4"
url = "https://github.com/astral-sh/python-build-standalone/releases/download/20251120/cpython-3.14.0+20251120-x86_64-apple-darwin-install_only_stripped.tar.gz"
provenance = "github-attestations"

[[tools.rust]]
version = "1.94.0"
backend = "core:rust"

[[tools.snyk]]
version = "1.1304.0"
backend = "aqua:snyk/cli"

[tools.snyk."platforms.linux-arm64"]
checksum = "sha256:a65ffb16f9844146191450b71ee42aa664b66e47ac60a6c738b981851390bf1b"
url = "https://github.com/snyk/cli/releases/download/v1.1304.0/snyk-linux-arm64"

[tools.snyk."platforms.linux-x64"]
checksum = "sha256:bb2b71fe8506aeafa83dac46f118d2c21b5a25cef9a05a853a824acf0e2e8c48"
url = "https://github.com/snyk/cli/releases/download/v1.1304.0/snyk-linux"

[tools.snyk."platforms.macos-arm64"]
checksum = "sha256:1bcbcb539ef795b14a409f6bc77a9989997f69ad82a8e6c52cb3c4c600be6454"
url = "https://github.com/snyk/cli/releases/download/v1.1304.0/snyk-macos-arm64"

[tools.snyk."platforms.macos-x64"]
checksum = "sha256:4b9d19ba717efc000b7d226988c9cfa40a24cf73ad936cad6ea44f2a2c212058"
url = "https://github.com/snyk/cli/releases/download/v1.1304.0/snyk-macos"

[[tools.vhs]]
version = "0.11.0"
backend = "aqua:charmbracelet/vhs"

[tools.vhs."platforms.linux-arm64"]
checksum = "sha256:af782cddbf844a377df6ea41c0e72339393fa021be3f6cb70a2f47d48675d92b"
url = "https://github.com/charmbracelet/vhs/releases/download/v0.11.0/vhs_0.11.0_Linux_arm64.tar.gz"

[tools.vhs."platforms.linux-x64"]
checksum = "sha256:99cb634587eaae0473c1ea377db80c3a048c27f99fe0a7febb1a1e8cb7ee5009"
url = "https://github.com/charmbracelet/vhs/releases/download/v0.11.0/vhs_0.11.0_Linux_x86_64.tar.gz"

[tools.vhs."platforms.macos-arm64"]
checksum = "sha256:eec91ee450ba50b6d4fce2800593b2ac5fdd88a73056367d2c3b870ee44de3f7"
url = "https://github.com/charmbracelet/vhs/releases/download/v0.11.0/vhs_0.11.0_Darwin_arm64.tar.gz"

[tools.vhs."platforms.macos-x64"]
checksum = "sha256:dd5c86c1cec1cf9ebd5ac6cf8119efcb731f055bbe7c7010408c741ee7770f64"
url = "https://github.com/charmbracelet/vhs/releases/download/v0.11.0/vhs_0.11.0_Darwin_x86_64.tar.gz"
